{
  "object": {
    "pins": [
      {
        "package": "PythonKit",
        "repositoryURL": "https://github.com/pvieito/PythonKit.git",
        "state": {
          "branch": "master",
          "revision": "6fee7617cfa910fbac7035276e295ba967adbbb4",
          "version": null
        }
      },
      {
        "package": "swift-log",
        "repositoryURL": "https://github.com/apple/swift-log.git",
        "state": {
          "branch": null,
          "revision": "9cb486020ebf03bfa5b5df985387a14a98744537",
          "version": "1.6.1"
        }
      },
      {
        "package": "SwiftPlot",
        "repositoryURL": "https://github.com/KarthikRIyer/swiftplot.git",
        "state": {
          "branch": null,
          "revision": "c5424eb8688217029d44e941d3a1d2ccc18c3a82",
          "version": "2.0.0"
        }
      }
    ]
  },
  "version": 1
}
